
Microsoft Visual Studio Solution File, Format Version 12.00
# Visual Studio Version 17
VisualStudioVersion = 17.4.33122.133
MinimumVisualStudioVersion = 10.0.40219.1
Project("{FAE04EC0-301F-11D3-BF4B-00C04F79EFBC}") = "Layout-ViewModels", "Layout-ViewModels\Layout-ViewModels.csproj", "{30204BD6-7ADF-44F2-9271-D07DEF1DFC2B}"
EndProject
Global
	GlobalSection(SolutionConfigurationPlatforms) = preSolution
		Debug|Any CPU = Debug|Any CPU
		Release|Any CPU = Release|Any CPU
	EndGlobalSection
	GlobalSection(ProjectConfigurationPlatforms) = postSolution
		{30204BD6-7ADF-44F2-9271-D07DEF1DFC2B}.Debug|Any CPU.ActiveCfg = Debug|Any CPU
		{30204BD6-7ADF-44F2-9271-D07DEF1DFC2B}.Debug|Any CPU.Build.0 = Debug|Any CPU
		{30204BD6-7ADF-44F2-9271-D07DEF1DFC2B}.Release|Any CPU.ActiveCfg = Release|Any CPU
		{30204BD6-7ADF-44F2-9271-D07DEF1DFC2B}.Release|Any CPU.Build.0 = Release|Any CPU
	EndGlobalSection
	GlobalSection(SolutionProperties) = preSolution
		HideSolutionNode = FALSE
	EndGlobalSection
	GlobalSection(ExtensibilityGlobals) = postSolution
		SolutionGuid = {AB35ED78-9093-4D4C-99F7-B1AB543E1D54}
	EndGlobalSection
EndGlobal
